
Microsoft Visual Studio Solution File, Format Version 12.00
# Visual Studio Version 17
VisualStudioVersion = 17.4.33205.214
MinimumVisualStudioVersion = 10.0.40219.1
Project("{9A19103F-16F7-4668-BE54-9A1E7A4F7556}") = "Example01", "Example01\Example01.csproj", "{AA0BC427-2D2C-4DB0-BC3F-2E758F0DF8E4}"
EndProject
Project("{9A19103F-16F7-4668-BE54-9A1E7A4F7556}") = "Example02", "Example02\Example02.csproj", "{2F458B0E-B3D5-41E1-A2BA-B65D255E62DB}"
EndProject
Project("{9A19103F-16F7-4668-BE54-9A1E7A4F7556}") = "Example00", "Example00\Example00.csproj", "{784F8067-B5AA-4693-98EC-8EBB56406E9B}"
EndProject
Project("{9A19103F-16F7-4668-BE54-9A1E7A4F7556}") = "Example03", "Example03\Example03.csproj", "{39208998-0C52-4CBD-81B4-142DEFA3E21C}"
EndProject
Project("{9A19103F-16F7-4668-BE54-9A1E7A4F7556}") = "Example04", "Example04\Example04.csproj", "{4D65AB54-F9B4-479A-82D2-812558477A69}"
EndProject
Project("{9A19103F-16F7-4668-BE54-9A1E7A4F7556}") = "Example05", "Example05\Example05.csproj", "{4FED320C-F538-4754-B737-9AD0C1A4CBE4}"
EndProject
Project("{9A19103F-16F7-4668-BE54-9A1E7A4F7556}") = "Example06", "Example06\Example06.csproj", "{C5E450AB-B0BC-408C-B478-CD34500F37CF}"
EndProject
Project("{9A19103F-16F7-4668-BE54-9A1E7A4F7556}") = "Example07", "Example07\Example07.csproj", "{63C2FEC6-96AD-47F0-908F-CFBB76276707}"
EndProject
Project("{9A19103F-16F7-4668-BE54-9A1E7A4F7556}") = "Example08", "Example08\Example08.csproj", "{0AE3329B-BF4E-440F-95AF-2267B5BFB306}"
EndProject
Project("{FAE04EC0-301F-11D3-BF4B-00C04F79EFBC}") = "Example09", "Example09\Example09.csproj", "{FACC0A65-DBEB-443A-8BC7-30AECF34CB6A}"
EndProject
Project("{FAE04EC0-301F-11D3-BF4B-00C04F79EFBC}") = "Example10", "Example10\Example10.csproj", "{51BFC5E9-0256-4FBC-8813-6B492BFF3AE6}"
EndProject
Project("{FAE04EC0-301F-11D3-BF4B-00C04F79EFBC}") = "Example11", "Example11\Example11.csproj", "{B5D796A6-B478-4665-BF6E-95042A0DAC5C}"
EndProject
Global
	GlobalSection(SolutionConfigurationPlatforms) = preSolution
		Debug|Any CPU = Debug|Any CPU
		Release|Any CPU = Release|Any CPU
	EndGlobalSection
	GlobalSection(ProjectConfigurationPlatforms) = postSolution
		{AA0BC427-2D2C-4DB0-BC3F-2E758F0DF8E4}.Debug|Any CPU.ActiveCfg = Debug|Any CPU
		{AA0BC427-2D2C-4DB0-BC3F-2E758F0DF8E4}.Debug|Any CPU.Build.0 = Debug|Any CPU
		{AA0BC427-2D2C-4DB0-BC3F-2E758F0DF8E4}.Release|Any CPU.ActiveCfg = Release|Any CPU
		{AA0BC427-2D2C-4DB0-BC3F-2E758F0DF8E4}.Release|Any CPU.Build.0 = Release|Any CPU
		{2F458B0E-B3D5-41E1-A2BA-B65D255E62DB}.Debug|Any CPU.ActiveCfg = Debug|Any CPU
		{2F458B0E-B3D5-41E1-A2BA-B65D255E62DB}.Debug|Any CPU.Build.0 = Debug|Any CPU
		{2F458B0E-B3D5-41E1-A2BA-B65D255E62DB}.Release|Any CPU.ActiveCfg = Release|Any CPU
		{2F458B0E-B3D5-41E1-A2BA-B65D255E62DB}.Release|Any CPU.Build.0 = Release|Any CPU
		{784F8067-B5AA-4693-98EC-8EBB56406E9B}.Debug|Any CPU.ActiveCfg = Debug|Any CPU
		{784F8067-B5AA-4693-98EC-8EBB56406E9B}.Debug|Any CPU.Build.0 = Debug|Any CPU
		{784F8067-B5AA-4693-98EC-8EBB56406E9B}.Release|Any CPU.ActiveCfg = Release|Any CPU
		{784F8067-B5AA-4693-98EC-8EBB56406E9B}.Release|Any CPU.Build.0 = Release|Any CPU
		{39208998-0C52-4CBD-81B4-142DEFA3E21C}.Debug|Any CPU.ActiveCfg = Debug|Any CPU
		{39208998-0C52-4CBD-81B4-142DEFA3E21C}.Debug|Any CPU.Build.0 = Debug|Any CPU
		{39208998-0C52-4CBD-81B4-142DEFA3E21C}.Release|Any CPU.ActiveCfg = Release|Any CPU
		{39208998-0C52-4CBD-81B4-142DEFA3E21C}.Release|Any CPU.Build.0 = Release|Any CPU
		{4D65AB54-F9B4-479A-82D2-812558477A69}.Debug|Any CPU.ActiveCfg = Debug|Any CPU
		{4D65AB54-F9B4-479A-82D2-812558477A69}.Debug|Any CPU.Build.0 = Debug|Any CPU
		{4D65AB54-F9B4-479A-82D2-812558477A69}.Release|Any CPU.ActiveCfg = Release|Any CPU
		{4D65AB54-F9B4-479A-82D2-812558477A69}.Release|Any CPU.Build.0 = Release|Any CPU
		{4FED320C-F538-4754-B737-9AD0C1A4CBE4}.Debug|Any CPU.ActiveCfg = Debug|Any CPU
		{4FED320C-F538-4754-B737-9AD0C1A4CBE4}.Debug|Any CPU.Build.0 = Debug|Any CPU
		{4FED320C-F538-4754-B737-9AD0C1A4CBE4}.Release|Any CPU.ActiveCfg = Release|Any CPU
		{4FED320C-F538-4754-B737-9AD0C1A4CBE4}.Release|Any CPU.Build.0 = Release|Any CPU
		{C5E450AB-B0BC-408C-B478-CD34500F37CF}.Debug|Any CPU.ActiveCfg = Debug|Any CPU
		{C5E450AB-B0BC-408C-B478-CD34500F37CF}.Debug|Any CPU.Build.0 = Debug|Any CPU
		{C5E450AB-B0BC-408C-B478-CD34500F37CF}.Release|Any CPU.ActiveCfg = Release|Any CPU
		{C5E450AB-B0BC-408C-B478-CD34500F37CF}.Release|Any CPU.Build.0 = Release|Any CPU
		{63C2FEC6-96AD-47F0-908F-CFBB76276707}.Debug|Any CPU.ActiveCfg = Debug|Any CPU
		{63C2FEC6-96AD-47F0-908F-CFBB76276707}.Debug|Any CPU.Build.0 = Debug|Any CPU
		{63C2FEC6-96AD-47F0-908F-CFBB76276707}.Release|Any CPU.ActiveCfg = Release|Any CPU
		{63C2FEC6-96AD-47F0-908F-CFBB76276707}.Release|Any CPU.Build.0 = Release|Any CPU
		{0AE3329B-BF4E-440F-95AF-2267B5BFB306}.Debug|Any CPU.ActiveCfg = Debug|Any CPU
		{0AE3329B-BF4E-440F-95AF-2267B5BFB306}.Debug|Any CPU.Build.0 = Debug|Any CPU
		{0AE3329B-BF4E-440F-95AF-2267B5BFB306}.Release|Any CPU.ActiveCfg = Release|Any CPU
		{0AE3329B-BF4E-440F-95AF-2267B5BFB306}.Release|Any CPU.Build.0 = Release|Any CPU
		{FACC0A65-DBEB-443A-8BC7-30AECF34CB6A}.Debug|Any CPU.ActiveCfg = Debug|Any CPU
		{FACC0A65-DBEB-443A-8BC7-30AECF34CB6A}.Debug|Any CPU.Build.0 = Debug|Any CPU
		{FACC0A65-DBEB-443A-8BC7-30AECF34CB6A}.Release|Any CPU.ActiveCfg = Release|Any CPU
		{FACC0A65-DBEB-443A-8BC7-30AECF34CB6A}.Release|Any CPU.Build.0 = Release|Any CPU
		{51BFC5E9-0256-4FBC-8813-6B492BFF3AE6}.Debug|Any CPU.ActiveCfg = Debug|Any CPU
		{51BFC5E9-0256-4FBC-8813-6B492BFF3AE6}.Debug|Any CPU.Build.0 = Debug|Any CPU
		{51BFC5E9-0256-4FBC-8813-6B492BFF3AE6}.Release|Any CPU.ActiveCfg = Release|Any CPU
		{51BFC5E9-0256-4FBC-8813-6B492BFF3AE6}.Release|Any CPU.Build.0 = Release|Any CPU
		{B5D796A6-B478-4665-BF6E-95042A0DAC5C}.Debug|Any CPU.ActiveCfg = Debug|Any CPU
		{B5D796A6-B478-4665-BF6E-95042A0DAC5C}.Debug|Any CPU.Build.0 = Debug|Any CPU
		{B5D796A6-B478-4665-BF6E-95042A0DAC5C}.Release|Any CPU.ActiveCfg = Release|Any CPU
		{B5D796A6-B478-4665-BF6E-95042A0DAC5C}.Release|Any CPU.Build.0 = Release|Any CPU
	EndGlobalSection
	GlobalSection(SolutionProperties) = preSolution
		HideSolutionNode = FALSE
	EndGlobalSection
	GlobalSection(ExtensibilityGlobals) = postSolution
		SolutionGuid = {667B8A86-CE95-427E-94E1-9C0360610E7E}
	EndGlobalSection
EndGlobal
